// !$*UTF8*$!
{
	archiveVersion = 1;
	classes = {
	};
	objectVersion = 56;
	objects = {

/* Begin PBXBuildFile section */
		832221992A0B9B8100BCEE90 /* DashboardView.swift in Sources */ = {isa = PBXBuildFile; fileRef = 832221982A0B9B8100BCEE90 /* DashboardView.swift */; };
		8322219B2A0B9C5700BCEE90 /* SearchTitleView.swift in Sources */ = {isa = PBXBuildFile; fileRef = 8322219A2A0B9C5700BCEE90 /* SearchTitleView.swift */; };
		8322219E2A0BA0A100BCEE90 /* APIManager.swift in Sources */ = {isa = PBXBuildFile; fileRef = 8322219D2A0BA0A100BCEE90 /* APIManager.swift */; };
		832221A02A0BA32100BCEE90 /* Router.swift in Sources */ = {isa = PBXBuildFile; fileRef = 8322219F2A0BA32100BCEE90 /* Router.swift */; };
		832221A22A0BA48500BCEE90 /* SearchMovieResponseDTO.swift in Sources */ = {isa = PBXBuildFile; fileRef = 832221A12A0BA48500BCEE90 /* SearchMovieResponseDTO.swift */; };
		8369BC1D2A29CEFD005D996D /* TMDBService.swift in Sources */ = {isa = PBXBuildFile; fileRef = 8369BC1C2A29CEFD005D996D /* TMDBService.swift */; };
		8369BC212A29D15E005D996D /* DateUtils.swift in Sources */ = {isa = PBXBuildFile; fileRef = 8369BC202A29D15E005D996D /* DateUtils.swift */; };
		8369BC232A29D1DF005D996D /* JSONUtils.swift in Sources */ = {isa = PBXBuildFile; fileRef = 8369BC222A29D1DF005D996D /* JSONUtils.swift */; };
		8369BC272A29E73C005D996D /* MoviePosterPlaceholder.swift in Sources */ = {isa = PBXBuildFile; fileRef = 8369BC262A29E73C005D996D /* MoviePosterPlaceholder.swift */; };
		8369BC292A29E90A005D996D /* MovieDetail.swift in Sources */ = {isa = PBXBuildFile; fileRef = 8369BC282A29E90A005D996D /* MovieDetail.swift */; };
		838988A129FAAE560089DA91 /* MovienatorApp.swift in Sources */ = {isa = PBXBuildFile; fileRef = 838988A029FAAE560089DA91 /* MovienatorApp.swift */; };
		838988A329FAAE560089DA91 /* ContentView.swift in Sources */ = {isa = PBXBuildFile; fileRef = 838988A229FAAE560089DA91 /* ContentView.swift */; };
		838988A529FAAE570089DA91 /* Assets.xcassets in Resources */ = {isa = PBXBuildFile; fileRef = 838988A429FAAE570089DA91 /* Assets.xcassets */; };
		838988A829FAAE570089DA91 /* Preview Assets.xcassets in Resources */ = {isa = PBXBuildFile; fileRef = 838988A729FAAE570089DA91 /* Preview Assets.xcassets */; };
		838988B029FAAEBE0089DA91 /* CoreDataController.swift in Sources */ = {isa = PBXBuildFile; fileRef = 838988AF29FAAEBE0089DA91 /* CoreDataController.swift */; };
		838988B329FAAFC80089DA91 /* Movienator.xcdatamodeld in Sources */ = {isa = PBXBuildFile; fileRef = 838988B129FAAFC80089DA91 /* Movienator.xcdatamodeld */; };
		838988B629FAB7C70089DA91 /* MovieViewModel.swift in Sources */ = {isa = PBXBuildFile; fileRef = 838988B529FAB7C70089DA91 /* MovieViewModel.swift */; };
		838988B829FAB8020089DA91 /* MovieItem.swift in Sources */ = {isa = PBXBuildFile; fileRef = 838988B729FAB8020089DA91 /* MovieItem.swift */; };
		838988BA29FABA260089DA91 /* GenreItem.swift in Sources */ = {isa = PBXBuildFile; fileRef = 838988B929FABA260089DA91 /* GenreItem.swift */; };
/* End PBXBuildFile section */

/* Begin PBXFileReference section */
		832221982A0B9B8100BCEE90 /* DashboardView.swift */ = {isa = PBXFileReference; lastKnownFileType = sourcecode.swift; path = DashboardView.swift; sourceTree = "<group>"; };
		8322219A2A0B9C5700BCEE90 /* SearchTitleView.swift */ = {isa = PBXFileReference; lastKnownFileType = sourcecode.swift; path = SearchTitleView.swift; sourceTree = "<group>"; };
		8322219D2A0BA0A100BCEE90 /* APIManager.swift */ = {isa = PBXFileReference; lastKnownFileType = sourcecode.swift; path = APIManager.swift; sourceTree = "<group>"; };
		8322219F2A0BA32100BCEE90 /* Router.swift */ = {isa = PBXFileReference; lastKnownFileType = sourcecode.swift; path = Router.swift; sourceTree = "<group>"; };
		832221A12A0BA48500BCEE90 /* SearchMovieResponseDTO.swift */ = {isa = PBXFileReference; lastKnownFileType = sourcecode.swift; path = SearchMovieResponseDTO.swift; sourceTree = "<group>"; };
		8369BC1C2A29CEFD005D996D /* TMDBService.swift */ = {isa = PBXFileReference; lastKnownFileType = sourcecode.swift; path = TMDBService.swift; sourceTree = "<group>"; };
		8369BC202A29D15E005D996D /* DateUtils.swift */ = {isa = PBXFileReference; lastKnownFileType = sourcecode.swift; path = DateUtils.swift; sourceTree = "<group>"; };
		8369BC222A29D1DF005D996D /* JSONUtils.swift */ = {isa = PBXFileReference; lastKnownFileType = sourcecode.swift; path = JSONUtils.swift; sourceTree = "<group>"; };
		8369BC262A29E73C005D996D /* MoviePosterPlaceholder.swift */ = {isa = PBXFileReference; lastKnownFileType = sourcecode.swift; path = MoviePosterPlaceholder.swift; sourceTree = "<group>"; };
		8369BC282A29E90A005D996D /* MovieDetail.swift */ = {isa = PBXFileReference; lastKnownFileType = sourcecode.swift; path = MovieDetail.swift; sourceTree = "<group>"; };
		8389889D29FAAE560089DA91 /* Movienator.app */ = {isa = PBXFileReference; explicitFileType = wrapper.application; includeInIndex = 0; path = Movienator.app; sourceTree = BUILT_PRODUCTS_DIR; };
		838988A029FAAE560089DA91 /* MovienatorApp.swift */ = {isa = PBXFileReference; lastKnownFileType = sourcecode.swift; path = MovienatorApp.swift; sourceTree = "<group>"; };
		838988A229FAAE560089DA91 /* ContentView.swift */ = {isa = PBXFileReference; lastKnownFileType = sourcecode.swift; path = ContentView.swift; sourceTree = "<group>"; };
		838988A429FAAE570089DA91 /* Assets.xcassets */ = {isa = PBXFileReference; lastKnownFileType = folder.assetcatalog; path = Assets.xcassets; sourceTree = "<group>"; };
		838988A729FAAE570089DA91 /* Preview Assets.xcassets */ = {isa = PBXFileReference; lastKnownFileType = folder.assetcatalog; path = "Preview Assets.xcassets"; sourceTree = "<group>"; };
		838988AF29FAAEBE0089DA91 /* CoreDataController.swift */ = {isa = PBXFileReference; lastKnownFileType = sourcecode.swift; path = CoreDataController.swift; sourceTree = "<group>"; };
		838988B229FAAFC80089DA91 /* Movienator.xcdatamodel */ = {isa = PBXFileReference; lastKnownFileType = wrapper.xcdatamodel; path = Movienator.xcdatamodel; sourceTree = "<group>"; };
		838988B529FAB7C70089DA91 /* MovieViewModel.swift */ = {isa = PBXFileReference; lastKnownFileType = sourcecode.swift; path = MovieViewModel.swift; sourceTree = "<group>"; };
		838988B729FAB8020089DA91 /* MovieItem.swift */ = {isa = PBXFileReference; lastKnownFileType = sourcecode.swift; path = MovieItem.swift; sourceTree = "<group>"; };
		838988B929FABA260089DA91 /* GenreItem.swift */ = {isa = PBXFileReference; lastKnownFileType = sourcecode.swift; path = GenreItem.swift; sourceTree = "<group>"; };
/* End PBXFileReference section */

/* Begin PBXFrameworksBuildPhase section */
		8389889A29FAAE560089DA91 /* Frameworks */ = {
			isa = PBXFrameworksBuildPhase;
			buildActionMask = 2147483647;
			files = (
			);
			runOnlyForDeploymentPostprocessing = 0;
		};
/* End PBXFrameworksBuildPhase section */

/* Begin PBXGroup section */
		832221972A0B9B6300BCEE90 /* Views */ = {
			isa = PBXGroup;
			children = (
				8369BC252A29E72A005D996D /* Elements */,
				832221982A0B9B8100BCEE90 /* DashboardView.swift */,
				8322219A2A0B9C5700BCEE90 /* SearchTitleView.swift */,
				8369BC282A29E90A005D996D /* MovieDetail.swift */,
			);
			path = Views;
			sourceTree = "<group>";
		};
		8322219C2A0BA02F00BCEE90 /* Services */ = {
			isa = PBXGroup;
			children = (
				8322219D2A0BA0A100BCEE90 /* APIManager.swift */,
				8322219F2A0BA32100BCEE90 /* Router.swift */,
				8369BC1C2A29CEFD005D996D /* TMDBService.swift */,
			);
			path = Services;
			sourceTree = "<group>";
		};
		8369BC1F2A29D143005D996D /* Utils */ = {
			isa = PBXGroup;
			children = (
				8369BC202A29D15E005D996D /* DateUtils.swift */,
				8369BC222A29D1DF005D996D /* JSONUtils.swift */,
			);
			path = Utils;
			sourceTree = "<group>";
		};
		8369BC252A29E72A005D996D /* Elements */ = {
			isa = PBXGroup;
			children = (
				8369BC262A29E73C005D996D /* MoviePosterPlaceholder.swift */,
			);
			path = Elements;
			sourceTree = "<group>";
		};
		8389889429FAAE560089DA91 = {
			isa = PBXGroup;
			children = (
				8389889F29FAAE560089DA91 /* Movienator */,
				8389889E29FAAE560089DA91 /* Products */,
			);
			sourceTree = "<group>";
		};
		8389889E29FAAE560089DA91 /* Products */ = {
			isa = PBXGroup;
			children = (
				8389889D29FAAE560089DA91 /* Movienator.app */,
			);
			name = Products;
			sourceTree = "<group>";
		};
		8389889F29FAAE560089DA91 /* Movienator */ = {
			isa = PBXGroup;
			children = (
				8369BC1F2A29D143005D996D /* Utils */,
				8322219C2A0BA02F00BCEE90 /* Services */,
				832221972A0B9B6300BCEE90 /* Views */,
				838988B429FAB7AD0089DA91 /* ViewModels */,
				838988AE29FAAEAE0089DA91 /* Model */,
				838988A029FAAE560089DA91 /* MovienatorApp.swift */,
				838988A229FAAE560089DA91 /* ContentView.swift */,
				838988A429FAAE570089DA91 /* Assets.xcassets */,
				838988A629FAAE570089DA91 /* Preview Content */,
			);
			path = Movienator;
			sourceTree = "<group>";
		};
		838988A629FAAE570089DA91 /* Preview Content */ = {
			isa = PBXGroup;
			children = (
				838988A729FAAE570089DA91 /* Preview Assets.xcassets */,
			);
			path = "Preview Content";
			sourceTree = "<group>";
		};
		838988AE29FAAEAE0089DA91 /* Model */ = {
			isa = PBXGroup;
			children = (
				838988B129FAAFC80089DA91 /* Movienator.xcdatamodeld */,
				838988AF29FAAEBE0089DA91 /* CoreDataController.swift */,
				838988B729FAB8020089DA91 /* MovieItem.swift */,
				838988B929FABA260089DA91 /* GenreItem.swift */,
				832221A12A0BA48500BCEE90 /* SearchMovieResponseDTO.swift */,
			);
			path = Model;
			sourceTree = "<group>";
		};
		838988B429FAB7AD0089DA91 /* ViewModels */ = {
			isa = PBXGroup;
			children = (
				838988B529FAB7C70089DA91 /* MovieViewModel.swift */,
			);
			path = ViewModels;
			sourceTree = "<group>";
		};
/* End PBXGroup section */

/* Begin PBXNativeTarget section */
		8389889C29FAAE560089DA91 /* Movienator */ = {
			isa = PBXNativeTarget;
			buildConfigurationList = 838988AB29FAAE570089DA91 /* Build configuration list for PBXNativeTarget "Movienator" */;
			buildPhases = (
				8389889929FAAE560089DA91 /* Sources */,
				8389889A29FAAE560089DA91 /* Frameworks */,
				8389889B29FAAE560089DA91 /* Resources */,
			);
			buildRules = (
			);
			dependencies = (
			);
			name = Movienator;
			productName = Movienator;
			productReference = 8389889D29FAAE560089DA91 /* Movienator.app */;
			productType = "com.apple.product-type.application";
		};
/* End PBXNativeTarget section */

/* Begin PBXProject section */
		8389889529FAAE560089DA91 /* Project object */ = {
			isa = PBXProject;
			attributes = {
				BuildIndependentTargetsInParallel = 1;
				LastSwiftUpdateCheck = 1400;
				LastUpgradeCheck = 1400;
				TargetAttributes = {
					8389889C29FAAE560089DA91 = {
						CreatedOnToolsVersion = 14.0.1;
					};
				};
			};
			buildConfigurationList = 8389889829FAAE560089DA91 /* Build configuration list for PBXProject "Movienator" */;
			compatibilityVersion = "Xcode 14.0";
			developmentRegion = en;
			hasScannedForEncodings = 0;
			knownRegions = (
				en,
				Base,
			);
			mainGroup = 8389889429FAAE560089DA91;
			productRefGroup = 8389889E29FAAE560089DA91 /* Products */;
			projectDirPath = "";
			projectRoot = "";
			targets = (
				8389889C29FAAE560089DA91 /* Movienator */,
			);
		};
/* End PBXProject section */

/* Begin PBXResourcesBuildPhase section */
		8389889B29FAAE560089DA91 /* Resources */ = {
			isa = PBXResourcesBuildPhase;
			buildActionMask = 2147483647;
			files = (
				838988A829FAAE570089DA91 /* Preview Assets.xcassets in Resources */,
				838988A529FAAE570089DA91 /* Assets.xcassets in Resources */,
			);
			runOnlyForDeploymentPostprocessing = 0;
		};
/* End PBXResourcesBuildPhase section */

/* Begin PBXSourcesBuildPhase section */
		8389889929FAAE560089DA91 /* Sources */ = {
			isa = PBXSourcesBuildPhase;
			buildActionMask = 2147483647;
			files = (
				832221A02A0BA32100BCEE90 /* Router.swift in Sources */,
				838988BA29FABA260089DA91 /* GenreItem.swift in Sources */,
				832221992A0B9B8100BCEE90 /* DashboardView.swift in Sources */,
				8369BC1D2A29CEFD005D996D /* TMDBService.swift in Sources */,
				8322219E2A0BA0A100BCEE90 /* APIManager.swift in Sources */,
				838988A329FAAE560089DA91 /* ContentView.swift in Sources */,
				838988B629FAB7C70089DA91 /* MovieViewModel.swift in Sources */,
				8369BC272A29E73C005D996D /* MoviePosterPlaceholder.swift in Sources */,
				8369BC232A29D1DF005D996D /* JSONUtils.swift in Sources */,
				838988A129FAAE560089DA91 /* MovienatorApp.swift in Sources */,
				832221A22A0BA48500BCEE90 /* SearchMovieResponseDTO.swift in Sources */,
				838988B829FAB8020089DA91 /* MovieItem.swift in Sources */,
				8322219B2A0B9C5700BCEE90 /* SearchTitleView.swift in Sources */,
				8369BC212A29D15E005D996D /* DateUtils.swift in Sources */,
				8369BC292A29E90A005D996D /* MovieDetail.swift in Sources */,
				838988B029FAAEBE0089DA91 /* CoreDataController.swift in Sources */,
				838988B329FAAFC80089DA91 /* Movienator.xcdatamodeld in Sources */,
			);
			runOnlyForDeploymentPostprocessing = 0;
		};
/* End PBXSourcesBuildPhase section */

/* Begin XCBuildConfiguration section */
		838988A929FAAE570089DA91 /* Debug */ = {
			isa = XCBuildConfiguration;
			buildSettings = {
				ALWAYS_SEARCH_USER_PATHS = NO;
				CLANG_ANALYZER_NONNULL = YES;
				CLANG_ANALYZER_NUMBER_OBJECT_CONVERSION = YES_AGGRESSIVE;
				CLANG_CXX_LANGUAGE_STANDARD = "gnu++20";
				CLANG_ENABLE_MODULES = YES;
				CLANG_ENABLE_OBJC_ARC = YES;
				CLANG_ENABLE_OBJC_WEAK = YES;
				CLANG_WARN_BLOCK_CAPTURE_AUTORELEASING = YES;
				CLANG_WARN_BOOL_CONVERSION = YES;
				CLANG_WARN_COMMA = YES;
				CLANG_WARN_CONSTANT_CONVERSION = YES;
				CLANG_WARN_DEPRECATED_OBJC_IMPLEMENTATIONS = YES;
				CLANG_WARN_DIRECT_OBJC_ISA_USAGE = YES_ERROR;
				CLANG_WARN_DOCUMENTATION_COMMENTS = YES;
				CLANG_WARN_EMPTY_BODY = YES;
				CLANG_WARN_ENUM_CONVERSION = YES;
				CLANG_WARN_INFINITE_RECURSION = YES;
				CLANG_WARN_INT_CONVERSION = YES;
				CLANG_WARN_NON_LITERAL_NULL_CONVERSION = YES;
				CLANG_WARN_OBJC_IMPLICIT_RETAIN_SELF = YES;
				CLANG_WARN_OBJC_LITERAL_CONVERSION = YES;
				CLANG_WARN_OBJC_ROOT_CLASS = YES_ERROR;
				CLANG_WARN_QUOTED_INCLUDE_IN_FRAMEWORK_HEADER = YES;
				CLANG_WARN_RANGE_LOOP_ANALYSIS = YES;
				CLANG_WARN_STRICT_PROTOTYPES = YES;
				CLANG_WARN_SUSPICIOUS_MOVE = YES;
				CLANG_WARN_UNGUARDED_AVAILABILITY = YES_AGGRESSIVE;
				CLANG_WARN_UNREACHABLE_CODE = YES;
				CLANG_WARN__DUPLICATE_METHOD_MATCH = YES;
				COPY_PHASE_STRIP = NO;
				DEBUG_INFORMATION_FORMAT = dwarf;
				ENABLE_STRICT_OBJC_MSGSEND = YES;
				ENABLE_TESTABILITY = YES;
				GCC_C_LANGUAGE_STANDARD = gnu11;
				GCC_DYNAMIC_NO_PIC = NO;
				GCC_NO_COMMON_BLOCKS = YES;
				GCC_OPTIMIZATION_LEVEL = 0;
				GCC_PREPROCESSOR_DEFINITIONS = (
					"DEBUG=1",
					"$(inherited)",
				);
				GCC_WARN_64_TO_32_BIT_CONVERSION = YES;
				GCC_WARN_ABOUT_RETURN_TYPE = YES_ERROR;
				GCC_WARN_UNDECLARED_SELECTOR = YES;
				GCC_WARN_UNINITIALIZED_AUTOS = YES_AGGRESSIVE;
				GCC_WARN_UNUSED_FUNCTION = YES;
				GCC_WARN_UNUSED_VARIABLE = YES;
				IPHONEOS_DEPLOYMENT_TARGET = 16.0;
				MTL_ENABLE_DEBUG_INFO = INCLUDE_SOURCE;
				MTL_FAST_MATH = YES;
				ONLY_ACTIVE_ARCH = YES;
				SDKROOT = iphoneos;
				SWIFT_ACTIVE_COMPILATION_CONDITIONS = DEBUG;
				SWIFT_OPTIMIZATION_LEVEL = "-Onone";
			};
			name = Debug;
		};
		838988AA29FAAE570089DA91 /* Release */ = {
			isa = XCBuildConfiguration;
			buildSettings = {
				ALWAYS_SEARCH_USER_PATHS = NO;
				CLANG_ANALYZER_NONNULL = YES;
				CLANG_ANALYZER_NUMBER_OBJECT_CONVERSION = YES_AGGRESSIVE;
				CLANG_CXX_LANGUAGE_STANDARD = "gnu++20";
				CLANG_ENABLE_MODULES = YES;
				CLANG_ENABLE_OBJC_ARC = YES;
				CLANG_ENABLE_OBJC_WEAK = YES;
				CLANG_WARN_BLOCK_CAPTURE_AUTORELEASING = YES;
				CLANG_WARN_BOOL_CONVERSION = YES;
				CLANG_WARN_COMMA = YES;
				CLANG_WARN_CONSTANT_CONVERSION = YES;
				CLANG_WARN_DEPRECATED_OBJC_IMPLEMENTATIONS = YES;
				CLANG_WARN_DIRECT_OBJC_ISA_USAGE = YES_ERROR;
				CLANG_WARN_DOCUMENTATION_COMMENTS = YES;
				CLANG_WARN_EMPTY_BODY = YES;
				CLANG_WARN_ENUM_CONVERSION = YES;
				CLANG_WARN_INFINITE_RECURSION = YES;
				CLANG_WARN_INT_CONVERSION = YES;
				CLANG_WARN_NON_LITERAL_NULL_CONVERSION = YES;
				CLANG_WARN_OBJC_IMPLICIT_RETAIN_SELF = YES;
				CLANG_WARN_OBJC_LITERAL_CONVERSION = YES;
				CLANG_WARN_OBJC_ROOT_CLASS = YES_ERROR;
				CLANG_WARN_QUOTED_INCLUDE_IN_FRAMEWORK_HEADER = YES;
				CLANG_WARN_RANGE_LOOP_ANALYSIS = YES;
				CLANG_WARN_STRICT_PROTOTYPES = YES;
				CLANG_WARN_SUSPICIOUS_MOVE = YES;
				CLANG_WARN_UNGUARDED_AVAILABILITY = YES_AGGRESSIVE;
				CLANG_WARN_UNREACHABLE_CODE = YES;
				CLANG_WARN__DUPLICATE_METHOD_MATCH = YES;
				COPY_PHASE_STRIP = NO;
				DEBUG_INFORMATION_FORMAT = "dwarf-with-dsym";
				ENABLE_NS_ASSERTIONS = NO;
				ENABLE_STRICT_OBJC_MSGSEND = YES;
				GCC_C_LANGUAGE_STANDARD = gnu11;
				GCC_NO_COMMON_BLOCKS = YES;
				GCC_WARN_64_TO_32_BIT_CONVERSION = YES;
				GCC_WARN_ABOUT_RETURN_TYPE = YES_ERROR;
				GCC_WARN_UNDECLARED_SELECTOR = YES;
				GCC_WARN_UNINITIALIZED_AUTOS = YES_AGGRESSIVE;
				GCC_WARN_UNUSED_FUNCTION = YES;
				GCC_WARN_UNUSED_VARIABLE = YES;
				IPHONEOS_DEPLOYMENT_TARGET = 16.0;
				MTL_ENABLE_DEBUG_INFO = NO;
				MTL_FAST_MATH = YES;
				SDKROOT = iphoneos;
				SWIFT_COMPILATION_MODE = wholemodule;
				SWIFT_OPTIMIZATION_LEVEL = "-O";
				VALIDATE_PRODUCT = YES;
			};
			name = Release;
		};
		838988AC29FAAE570089DA91 /* Debug */ = {
			isa = XCBuildConfiguration;
			buildSettings = {
				ASSETCATALOG_COMPILER_APPICON_NAME = AppIcon;
				ASSETCATALOG_COMPILER_GLOBAL_ACCENT_COLOR_NAME = AccentColor;
				CODE_SIGN_STYLE = Automatic;
				CURRENT_PROJECT_VERSION = 1;
				DEVELOPMENT_ASSET_PATHS = "\"Movienator/Preview Content\"";
				ENABLE_PREVIEWS = YES;
				GENERATE_INFOPLIST_FILE = YES;
				INFOPLIST_KEY_UIApplicationSceneManifest_Generation = YES;
				INFOPLIST_KEY_UIApplicationSupportsIndirectInputEvents = YES;
				INFOPLIST_KEY_UILaunchScreen_Generation = YES;
				INFOPLIST_KEY_UISupportedInterfaceOrientations_iPad = "UIInterfaceOrientationPortrait UIInterfaceOrientationPortraitUpsideDown UIInterfaceOrientationLandscapeLeft UIInterfaceOrientationLandscapeRight";
				INFOPLIST_KEY_UISupportedInterfaceOrientations_iPhone = "UIInterfaceOrientationPortrait UIInterfaceOrientationLandscapeLeft UIInterfaceOrientationLandscapeRight";
				LD_RUNPATH_SEARCH_PATHS = (
					"$(inherited)",
					"@executable_path/Frameworks",
				);
				MARKETING_VERSION = 1.0;
				PRODUCT_BUNDLE_IDENTIFIER = cz.martinweiss.Movienator;
				PRODUCT_NAME = "$(TARGET_NAME)";
				SWIFT_EMIT_LOC_STRINGS = YES;
				SWIFT_VERSION = 5.0;
				TARGETED_DEVICE_FAMILY = "1,2";
			};
			name = Debug;
		};
		838988AD29FAAE570089DA91 /* Release */ = {
			isa = XCBuildConfiguration;
			buildSettings = {
				ASSETCATALOG_COMPILER_APPICON_NAME = AppIcon;
				ASSETCATALOG_COMPILER_GLOBAL_ACCENT_COLOR_NAME = AccentColor;
				CODE_SIGN_STYLE = Automatic;
				CURRENT_PROJECT_VERSION = 1;
				DEVELOPMENT_ASSET_PATHS = "\"Movienator/Preview Content\"";
				ENABLE_PREVIEWS = YES;
				GENERATE_INFOPLIST_FILE = YES;
				INFOPLIST_KEY_UIApplicationSceneManifest_Generation = YES;
				INFOPLIST_KEY_UIApplicationSupportsIndirectInputEvents = YES;
				INFOPLIST_KEY_UILaunchScreen_Generation = YES;
				INFOPLIST_KEY_UISupportedInterfaceOrientations_iPad = "UIInterfaceOrientationPortrait UIInterfaceOrientationPortraitUpsideDown UIInterfaceOrientationLandscapeLeft UIInterfaceOrientationLandscapeRight";
				INFOPLIST_KEY_UISupportedInterfaceOrientations_iPhone = "UIInterfaceOrientationPortrait UIInterfaceOrientationLandscapeLeft UIInterfaceOrientationLandscapeRight";
				LD_RUNPATH_SEARCH_PATHS = (
					"$(inherited)",
					"@executable_path/Frameworks",
				);
				MARKETING_VERSION = 1.0;
				PRODUCT_BUNDLE_IDENTIFIER = cz.martinweiss.Movienator;
				PRODUCT_NAME = "$(TARGET_NAME)";
				SWIFT_EMIT_LOC_STRINGS = YES;
				SWIFT_VERSION = 5.0;
				TARGETED_DEVICE_FAMILY = "1,2";
			};
			name = Release;
		};
/* End XCBuildConfiguration section */

/* Begin XCConfigurationList section */
		8389889829FAAE560089DA91 /* Build configuration list for PBXProject "Movienator" */ = {
			isa = XCConfigurationList;
			buildConfigurations = (
				838988A929FAAE570089DA91 /* Debug */,
				838988AA29FAAE570089DA91 /* Release */,
			);
			defaultConfigurationIsVisible = 0;
			defaultConfigurationName = Release;
		};
		838988AB29FAAE570089DA91 /* Build configuration list for PBXNativeTarget "Movienator" */ = {
			isa = XCConfigurationList;
			buildConfigurations = (
				838988AC29FAAE570089DA91 /* Debug */,
				838988AD29FAAE570089DA91 /* Release */,
			);
			defaultConfigurationIsVisible = 0;
			defaultConfigurationName = Release;
		};
/* End XCConfigurationList section */

/* Begin XCVersionGroup section */
		838988B129FAAFC80089DA91 /* Movienator.xcdatamodeld */ = {
			isa = XCVersionGroup;
			children = (
				838988B229FAAFC80089DA91 /* Movienator.xcdatamodel */,
			);
			currentVersion = 838988B229FAAFC80089DA91 /* Movienator.xcdatamodel */;
			path = Movienator.xcdatamodeld;
			sourceTree = "<group>";
			versionGroupType = wrapper.xcdatamodel;
		};
/* End XCVersionGroup section */
	};
	rootObject = 8389889529FAAE560089DA91 /* Project object */;
}
